
Microsoft Visual Studio Solution File, Format Version 12.00
# Visual Studio 15
VisualStudioVersion = 15.0.26730.10
MinimumVisualStudioVersion = 10.0.40219.1
Project("{FAE04EC0-301F-11D3-BF4B-00C04F79EFBC}") = "Rozklad", "Rozklad\Rozklad.csproj", "{8AC94F4F-410A-4452-A71A-FFC463788413}"
EndProject
Global
	GlobalSection(SolutionConfigurationPlatforms) = preSolution
		Debug|Any CPU = Debug|Any CPU
		Release|Any CPU = Release|Any CPU
	EndGlobalSection
	GlobalSection(ProjectConfigurationPlatforms) = postSolution
		{8AC94F4F-410A-4452-A71A-FFC463788413}.Debug|Any CPU.ActiveCfg = Debug|Any CPU
		{8AC94F4F-410A-4452-A71A-FFC463788413}.Debug|Any CPU.Build.0 = Debug|Any CPU
		{8AC94F4F-410A-4452-A71A-FFC463788413}.Release|Any CPU.ActiveCfg = Release|Any CPU
		{8AC94F4F-410A-4452-A71A-FFC463788413}.Release|Any CPU.Build.0 = Release|Any CPU
	EndGlobalSection
	GlobalSection(SolutionProperties) = preSolution
		HideSolutionNode = FALSE
	EndGlobalSection
	GlobalSection(ExtensibilityGlobals) = postSolution
		SolutionGuid = {6D8C62B5-ADA7-43F6-893A-09EE0C7EF6D0}
	EndGlobalSection
EndGlobal
